
Microsoft Visual Studio Solution File, Format Version 12.00
# Visual Studio 15
VisualStudioVersion = 15.0.27428.2037
MinimumVisualStudioVersion = 10.0.40219.1
Project("{FAE04EC0-301F-11D3-BF4B-00C04F79EFBC}") = "EscEngine", "EscEngine\EscEngine.csproj", "{FB580D08-F169-44A2-B0F8-D646BFD84BB7}"
EndProject
Global
	GlobalSection(SolutionConfigurationPlatforms) = preSolution
		Debug|Any CPU = Debug|Any CPU
		Release|Any CPU = Release|Any CPU
	EndGlobalSection
	GlobalSection(ProjectConfigurationPlatforms) = postSolution
		{FB580D08-F169-44A2-B0F8-D646BFD84BB7}.Debug|Any CPU.ActiveCfg = Debug|Any CPU
		{FB580D08-F169-44A2-B0F8-D646BFD84BB7}.Debug|Any CPU.Build.0 = Debug|Any CPU
		{FB580D08-F169-44A2-B0F8-D646BFD84BB7}.Release|Any CPU.ActiveCfg = Release|Any CPU
		{FB580D08-F169-44A2-B0F8-D646BFD84BB7}.Release|Any CPU.Build.0 = Release|Any CPU
	EndGlobalSection
	GlobalSection(SolutionProperties) = preSolution
		HideSolutionNode = FALSE
	EndGlobalSection
	GlobalSection(ExtensibilityGlobals) = postSolution
		SolutionGuid = {67F749F8-2C87-4A95-855F-5A138CD05E8B}
	EndGlobalSection
EndGlobal
